
Microsoft Visual Studio Solution File, Format Version 12.00
# Visual Studio 14
VisualStudioVersion = 14.0.25123.0
MinimumVisualStudioVersion = 10.0.40219.1
Project("{FAE04EC0-301F-11D3-BF4B-00C04F79EFBC}") = "BlogProject.Web", "Web\BlogProject.Web\BlogProject.Web.csproj", "{CA625595-4CFC-4E32-92CF-F7963818C819}"
EndProject
Project("{FAE04EC0-301F-11D3-BF4B-00C04F79EFBC}") = "BlogProject.Tests", "Tests\BlogProject.Tests\BlogProject.Tests.csproj", "{6195DB47-7053-450A-BD1F-C11547015CB1}"
EndProject
Project("{2150E333-8FDC-42A3-9474-1A3956D46DE8}") = "Data", "Data", "{A762F3AD-AC02-4C8A-BA1D-4ACECB234054}"
EndProject
Project("{2150E333-8FDC-42A3-9474-1A3956D46DE8}") = "Web", "Web", "{2C62C242-563A-44F0-B516-02776D0EB829}"
EndProject
Project("{2150E333-8FDC-42A3-9474-1A3956D46DE8}") = "Tests", "Tests", "{384A52EE-B124-45F7-938C-A5546D2ADF26}"
EndProject
Project("{2150E333-8FDC-42A3-9474-1A3956D46DE8}") = "Services", "Services", "{1C72DEFA-7CBC-43C0-B550-AA8BFF741C88}"
EndProject
Project("{FAE04EC0-301F-11D3-BF4B-00C04F79EFBC}") = "BlogProject.Data", "Data\BlogProject.Data\BlogProject.Data.csproj", "{96192837-4F68-4E66-8379-7DE28AEEF4AC}"
EndProject
Project("{FAE04EC0-301F-11D3-BF4B-00C04F79EFBC}") = "BlogProject.Data.Models", "Data\BlogProject.Data.Models\BlogProject.Data.Models.csproj", "{E4A6BA85-C494-4740-AE33-2DA8D67189A1}"
EndProject
Project("{FAE04EC0-301F-11D3-BF4B-00C04F79EFBC}") = "BlogProject.Data.Context", "Data\BlogProject.Data.Context\BlogProject.Data.Context.csproj", "{A604C3E3-5081-48AE-A2F9-D6A9872E9655}"
EndProject
Global
	GlobalSection(SolutionConfigurationPlatforms) = preSolution
		Debug|Any CPU = Debug|Any CPU
		Release|Any CPU = Release|Any CPU
	EndGlobalSection
	GlobalSection(ProjectConfigurationPlatforms) = postSolution
		{CA625595-4CFC-4E32-92CF-F7963818C819}.Debug|Any CPU.ActiveCfg = Debug|Any CPU
		{CA625595-4CFC-4E32-92CF-F7963818C819}.Debug|Any CPU.Build.0 = Debug|Any CPU
		{CA625595-4CFC-4E32-92CF-F7963818C819}.Release|Any CPU.ActiveCfg = Release|Any CPU
		{CA625595-4CFC-4E32-92CF-F7963818C819}.Release|Any CPU.Build.0 = Release|Any CPU
		{6195DB47-7053-450A-BD1F-C11547015CB1}.Debug|Any CPU.ActiveCfg = Debug|Any CPU
		{6195DB47-7053-450A-BD1F-C11547015CB1}.Debug|Any CPU.Build.0 = Debug|Any CPU
		{6195DB47-7053-450A-BD1F-C11547015CB1}.Release|Any CPU.ActiveCfg = Release|Any CPU
		{6195DB47-7053-450A-BD1F-C11547015CB1}.Release|Any CPU.Build.0 = Release|Any CPU
		{96192837-4F68-4E66-8379-7DE28AEEF4AC}.Debug|Any CPU.ActiveCfg = Debug|Any CPU
		{96192837-4F68-4E66-8379-7DE28AEEF4AC}.Debug|Any CPU.Build.0 = Debug|Any CPU
		{96192837-4F68-4E66-8379-7DE28AEEF4AC}.Release|Any CPU.ActiveCfg = Release|Any CPU
		{96192837-4F68-4E66-8379-7DE28AEEF4AC}.Release|Any CPU.Build.0 = Release|Any CPU
		{E4A6BA85-C494-4740-AE33-2DA8D67189A1}.Debug|Any CPU.ActiveCfg = Debug|Any CPU
		{E4A6BA85-C494-4740-AE33-2DA8D67189A1}.Debug|Any CPU.Build.0 = Debug|Any CPU
		{E4A6BA85-C494-4740-AE33-2DA8D67189A1}.Release|Any CPU.ActiveCfg = Release|Any CPU
		{E4A6BA85-C494-4740-AE33-2DA8D67189A1}.Release|Any CPU.Build.0 = Release|Any CPU
		{A604C3E3-5081-48AE-A2F9-D6A9872E9655}.Debug|Any CPU.ActiveCfg = Debug|Any CPU
		{A604C3E3-5081-48AE-A2F9-D6A9872E9655}.Debug|Any CPU.Build.0 = Debug|Any CPU
		{A604C3E3-5081-48AE-A2F9-D6A9872E9655}.Release|Any CPU.ActiveCfg = Release|Any CPU
		{A604C3E3-5081-48AE-A2F9-D6A9872E9655}.Release|Any CPU.Build.0 = Release|Any CPU
	EndGlobalSection
	GlobalSection(SolutionProperties) = preSolution
		HideSolutionNode = FALSE
	EndGlobalSection
	GlobalSection(NestedProjects) = preSolution
		{CA625595-4CFC-4E32-92CF-F7963818C819} = {2C62C242-563A-44F0-B516-02776D0EB829}
		{6195DB47-7053-450A-BD1F-C11547015CB1} = {384A52EE-B124-45F7-938C-A5546D2ADF26}
		{96192837-4F68-4E66-8379-7DE28AEEF4AC} = {A762F3AD-AC02-4C8A-BA1D-4ACECB234054}
		{E4A6BA85-C494-4740-AE33-2DA8D67189A1} = {A762F3AD-AC02-4C8A-BA1D-4ACECB234054}
		{A604C3E3-5081-48AE-A2F9-D6A9872E9655} = {A762F3AD-AC02-4C8A-BA1D-4ACECB234054}
	EndGlobalSection
EndGlobal
